// !$*UTF8*$!
{
	archiveVersion = 1;
	classes = {
	};
	objectVersion = 51;
	objects = {

/* Begin PBXBuildFile section */
		03A8F7BEDBF2C1C51766FD41 /* Pods_Swift5bokete.framework in Frameworks */ = {isa = PBXBuildFile; fileRef = 28A9C0FB3B18949B335B7DB1 /* Pods_Swift5bokete.framework */; };
		1E44E7EBA7679F481D635CD4 /* Pods_Swift5bokete_Swift5boketeUITests.framework in Frameworks */ = {isa = PBXBuildFile; fileRef = 91F354BA7B0B9AE553395DDF /* Pods_Swift5bokete_Swift5boketeUITests.framework */; };
		6E06059F254BDD7700F544D0 /* AppDelegate.swift in Sources */ = {isa = PBXBuildFile; fileRef = 6E06059E254BDD7700F544D0 /* AppDelegate.swift */; };
		6E0605A1254BDD7700F544D0 /* SceneDelegate.swift in Sources */ = {isa = PBXBuildFile; fileRef = 6E0605A0254BDD7700F544D0 /* SceneDelegate.swift */; };
		6E0605A6254BDD7700F544D0 /* Main.storyboard in Resources */ = {isa = PBXBuildFile; fileRef = 6E0605A4254BDD7700F544D0 /* Main.storyboard */; };
		6E0605A8254BDD7800F544D0 /* Assets.xcassets in Resources */ = {isa = PBXBuildFile; fileRef = 6E0605A7254BDD7800F544D0 /* Assets.xcassets */; };
		6E0605AB254BDD7800F544D0 /* LaunchScreen.storyboard in Resources */ = {isa = PBXBuildFile; fileRef = 6E0605A9254BDD7800F544D0 /* LaunchScreen.storyboard */; };
		6E0605B6254BDD7800F544D0 /* Swift5boketeTests.swift in Sources */ = {isa = PBXBuildFile; fileRef = 6E0605B5254BDD7800F544D0 /* Swift5boketeTests.swift */; };
		6E0605C1254BDD7800F544D0 /* Swift5boketeUITests.swift in Sources */ = {isa = PBXBuildFile; fileRef = 6E0605C0254BDD7800F544D0 /* Swift5boketeUITests.swift */; };
		6E0605DE254BE6DC00F544D0 /* ViewController1.swift in Sources */ = {isa = PBXBuildFile; fileRef = 6E0605DD254BE6DC00F544D0 /* ViewController1.swift */; };
		6E0605E6254C161C00F544D0 /* ShareViewController.swift in Sources */ = {isa = PBXBuildFile; fileRef = 6E0605E5254C161B00F544D0 /* ShareViewController.swift */; };
		882B88E453730AF8AA139BEF /* Pods_Swift5boketeTests.framework in Frameworks */ = {isa = PBXBuildFile; fileRef = D296BC85F9C227F989B5E9CB /* Pods_Swift5boketeTests.framework */; };
/* End PBXBuildFile section */

/* Begin PBXContainerItemProxy section */
		6E0605B2254BDD7800F544D0 /* PBXContainerItemProxy */ = {
			isa = PBXContainerItemProxy;
			containerPortal = 6E060593254BDD7700F544D0 /* Project object */;
			proxyType = 1;
			remoteGlobalIDString = 6E06059A254BDD7700F544D0;
			remoteInfo = Swift5bokete;
		};
		6E0605BD254BDD7800F544D0 /* PBXContainerItemProxy */ = {
			isa = PBXContainerItemProxy;
			containerPortal = 6E060593254BDD7700F544D0 /* Project object */;
			proxyType = 1;
			remoteGlobalIDString = 6E06059A254BDD7700F544D0;
			remoteInfo = Swift5bokete;
		};
/* End PBXContainerItemProxy section */

/* Begin PBXFileReference section */
		28A9C0FB3B18949B335B7DB1 /* Pods_Swift5bokete.framework */ = {isa = PBXFileReference; explicitFileType = wrapper.framework; includeInIndex = 0; path = Pods_Swift5bokete.framework; sourceTree = BUILT_PRODUCTS_DIR; };
		3DFFFA8B46F0E886F9D07A28 /* Pods-Swift5bokete-Swift5boketeUITests.debug.xcconfig */ = {isa = PBXFileReference; includeInIndex = 1; lastKnownFileType = text.xcconfig; name = "Pods-Swift5bokete-Swift5boketeUITests.debug.xcconfig"; path = "Target Support Files/Pods-Swift5bokete-Swift5boketeUITests/Pods-Swift5bokete-Swift5boketeUITests.debug.xcconfig"; sourceTree = "<group>"; };
		6E06059B254BDD7700F544D0 /* Swift5bokete.app */ = {isa = PBXFileReference; explicitFileType = wrapper.application; includeInIndex = 0; path = Swift5bokete.app; sourceTree = BUILT_PRODUCTS_DIR; };
		6E06059E254BDD7700F544D0 /* AppDelegate.swift */ = {isa = PBXFileReference; lastKnownFileType = sourcecode.swift; path = AppDelegate.swift; sourceTree = "<group>"; };
		6E0605A0254BDD7700F544D0 /* SceneDelegate.swift */ = {isa = PBXFileReference; lastKnownFileType = sourcecode.swift; path = SceneDelegate.swift; sourceTree = "<group>"; };
		6E0605A5254BDD7700F544D0 /* Base */ = {isa = PBXFileReference; lastKnownFileType = file.storyboard; name = Base; path = Base.lproj/Main.storyboard; sourceTree = "<group>"; };
		6E0605A7254BDD7800F544D0 /* Assets.xcassets */ = {isa = PBXFileReference; lastKnownFileType = folder.assetcatalog; path = Assets.xcassets; sourceTree = "<group>"; };
		6E0605AA254BDD7800F544D0 /* Base */ = {isa = PBXFileReference; lastKnownFileType = file.storyboard; name = Base; path = Base.lproj/LaunchScreen.storyboard; sourceTree = "<group>"; };
		6E0605AC254BDD7800F544D0 /* Info.plist */ = {isa = PBXFileReference; lastKnownFileType = text.plist.xml; path = Info.plist; sourceTree = "<group>"; };
		6E0605B1254BDD7800F544D0 /* Swift5boketeTests.xctest */ = {isa = PBXFileReference; explicitFileType = wrapper.cfbundle; includeInIndex = 0; path = Swift5boketeTests.xctest; sourceTree = BUILT_PRODUCTS_DIR; };
		6E0605B5254BDD7800F544D0 /* Swift5boketeTests.swift */ = {isa = PBXFileReference; lastKnownFileType = sourcecode.swift; path = Swift5boketeTests.swift; sourceTree = "<group>"; };
		6E0605B7254BDD7800F544D0 /* Info.plist */ = {isa = PBXFileReference; lastKnownFileType = text.plist.xml; path = Info.plist; sourceTree = "<group>"; };
		6E0605BC254BDD7800F544D0 /* Swift5boketeUITests.xctest */ = {isa = PBXFileReference; explicitFileType = wrapper.cfbundle; includeInIndex = 0; path = Swift5boketeUITests.xctest; sourceTree = BUILT_PRODUCTS_DIR; };
		6E0605C0254BDD7800F544D0 /* Swift5boketeUITests.swift */ = {isa = PBXFileReference; lastKnownFileType = sourcecode.swift; path = Swift5boketeUITests.swift; sourceTree = "<group>"; };
		6E0605C2254BDD7800F544D0 /* Info.plist */ = {isa = PBXFileReference; lastKnownFileType = text.plist.xml; path = Info.plist; sourceTree = "<group>"; };
		6E0605DD254BE6DC00F544D0 /* ViewController1.swift */ = {isa = PBXFileReference; lastKnownFileType = sourcecode.swift; path = ViewController1.swift; sourceTree = "<group>"; };
		6E0605E5254C161B00F544D0 /* ShareViewController.swift */ = {isa = PBXFileReference; lastKnownFileType = sourcecode.swift; path = ShareViewController.swift; sourceTree = "<group>"; };
		88D34CAA28B64D203833F749 /* Pods-Swift5boketeTests.debug.xcconfig */ = {isa = PBXFileReference; includeInIndex = 1; lastKnownFileType = text.xcconfig; name = "Pods-Swift5boketeTests.debug.xcconfig"; path = "Target Support Files/Pods-Swift5boketeTests/Pods-Swift5boketeTests.debug.xcconfig"; sourceTree = "<group>"; };
		91F354BA7B0B9AE553395DDF /* Pods_Swift5bokete_Swift5boketeUITests.framework */ = {isa = PBXFileReference; explicitFileType = wrapper.framework; includeInIndex = 0; path = Pods_Swift5bokete_Swift5boketeUITests.framework; sourceTree = BUILT_PRODUCTS_DIR; };
		A335D9DF702D38DCDA1AF926 /* Pods-Swift5bokete-Swift5boketeUITests.release.xcconfig */ = {isa = PBXFileReference; includeInIndex = 1; lastKnownFileType = text.xcconfig; name = "Pods-Swift5bokete-Swift5boketeUITests.release.xcconfig"; path = "Target Support Files/Pods-Swift5bokete-Swift5boketeUITests/Pods-Swift5bokete-Swift5boketeUITests.release.xcconfig"; sourceTree = "<group>"; };
		AAB51B1DAB8609EB805B5718 /* Pods-Swift5bokete.debug.xcconfig */ = {isa = PBXFileReference; includeInIndex = 1; lastKnownFileType = text.xcconfig; name = "Pods-Swift5bokete.debug.xcconfig"; path = "Target Support Files/Pods-Swift5bokete/Pods-Swift5bokete.debug.xcconfig"; sourceTree = "<group>"; };
		BE024D9088D53A6D8487C0E3 /* Pods-Swift5bokete.release.xcconfig */ = {isa = PBXFileReference; includeInIndex = 1; lastKnownFileType = text.xcconfig; name = "Pods-Swift5bokete.release.xcconfig"; path = "Target Support Files/Pods-Swift5bokete/Pods-Swift5bokete.release.xcconfig"; sourceTree = "<group>"; };
		D296BC85F9C227F989B5E9CB /* Pods_Swift5boketeTests.framework */ = {isa = PBXFileReference; explicitFileType = wrapper.framework; includeInIndex = 0; path = Pods_Swift5boketeTests.framework; sourceTree = BUILT_PRODUCTS_DIR; };
		E45989E8C5C7246F01479D98 /* Pods-Swift5boketeTests.release.xcconfig */ = {isa = PBXFileReference; includeInIndex = 1; lastKnownFileType = text.xcconfig; name = "Pods-Swift5boketeTests.release.xcconfig"; path = "Target Support Files/Pods-Swift5boketeTests/Pods-Swift5boketeTests.release.xcconfig"; sourceTree = "<group>"; };
/* End PBXFileReference section */

/* Begin PBXFrameworksBuildPhase section */
		6E060598254BDD7700F544D0 /* Frameworks */ = {
			isa = PBXFrameworksBuildPhase;
			buildActionMask = 2147483647;
			files = (
				03A8F7BEDBF2C1C51766FD41 /* Pods_Swift5bokete.framework in Frameworks */,
			);
			runOnlyForDeploymentPostprocessing = 0;
		};
		6E0605AE254BDD7800F544D0 /* Frameworks */ = {
			isa = PBXFrameworksBuildPhase;
			buildActionMask = 2147483647;
			files = (
				882B88E453730AF8AA139BEF /* Pods_Swift5boketeTests.framework in Frameworks */,
			);
			runOnlyForDeploymentPostprocessing = 0;
		};
		6E0605B9254BDD7800F544D0 /* Frameworks */ = {
			isa = PBXFrameworksBuildPhase;
			buildActionMask = 2147483647;
			files = (
				1E44E7EBA7679F481D635CD4 /* Pods_Swift5bokete_Swift5boketeUITests.framework in Frameworks */,
			);
			runOnlyForDeploymentPostprocessing = 0;
		};
/* End PBXFrameworksBuildPhase section */

/* Begin PBXGroup section */
		03C994825137897EED27A29A /* Frameworks */ = {
			isa = PBXGroup;
			children = (
				28A9C0FB3B18949B335B7DB1 /* Pods_Swift5bokete.framework */,
				91F354BA7B0B9AE553395DDF /* Pods_Swift5bokete_Swift5boketeUITests.framework */,
				D296BC85F9C227F989B5E9CB /* Pods_Swift5boketeTests.framework */,
			);
			name = Frameworks;
			sourceTree = "<group>";
		};
		6E060592254BDD7700F544D0 = {
			isa = PBXGroup;
			children = (
				6E06059D254BDD7700F544D0 /* Swift5bokete */,
				6E0605B4254BDD7800F544D0 /* Swift5boketeTests */,
				6E0605BF254BDD7800F544D0 /* Swift5boketeUITests */,
				6E06059C254BDD7700F544D0 /* Products */,
				78FF7CAEBC6C8F0718E84881 /* Pods */,
				03C994825137897EED27A29A /* Frameworks */,
			);
			sourceTree = "<group>";
		};
		6E06059C254BDD7700F544D0 /* Products */ = {
			isa = PBXGroup;
			children = (
				6E06059B254BDD7700F544D0 /* Swift5bokete.app */,
				6E0605B1254BDD7800F544D0 /* Swift5boketeTests.xctest */,
				6E0605BC254BDD7800F544D0 /* Swift5boketeUITests.xctest */,
			);
			name = Products;
			sourceTree = "<group>";
		};
		6E06059D254BDD7700F544D0 /* Swift5bokete */ = {
			isa = PBXGroup;
			children = (
				6E06059E254BDD7700F544D0 /* AppDelegate.swift */,
				6E0605A0254BDD7700F544D0 /* SceneDelegate.swift */,
				6E0605DD254BE6DC00F544D0 /* ViewController1.swift */,
				6E0605A4254BDD7700F544D0 /* Main.storyboard */,
				6E0605A7254BDD7800F544D0 /* Assets.xcassets */,
				6E0605A9254BDD7800F544D0 /* LaunchScreen.storyboard */,
				6E0605AC254BDD7800F544D0 /* Info.plist */,
				6E0605E5254C161B00F544D0 /* ShareViewController.swift */,
			);
			path = Swift5bokete;
			sourceTree = "<group>";
		};
		6E0605B4254BDD7800F544D0 /* Swift5boketeTests */ = {
			isa = PBXGroup;
			children = (
				6E0605B5254BDD7800F544D0 /* Swift5boketeTests.swift */,
				6E0605B7254BDD7800F544D0 /* Info.plist */,
			);
			path = Swift5boketeTests;
			sourceTree = "<group>";
		};
		6E0605BF254BDD7800F544D0 /* Swift5boketeUITests */ = {
			isa = PBXGroup;
			children = (
				6E0605C0254BDD7800F544D0 /* Swift5boketeUITests.swift */,
				6E0605C2254BDD7800F544D0 /* Info.plist */,
			);
			path = Swift5boketeUITests;
			sourceTree = "<group>";
		};
		78FF7CAEBC6C8F0718E84881 /* Pods */ = {
			isa = PBXGroup;
			children = (
				AAB51B1DAB8609EB805B5718 /* Pods-Swift5bokete.debug.xcconfig */,
				BE024D9088D53A6D8487C0E3 /* Pods-Swift5bokete.release.xcconfig */,
				3DFFFA8B46F0E886F9D07A28 /* Pods-Swift5bokete-Swift5boketeUITests.debug.xcconfig */,
				A335D9DF702D38DCDA1AF926 /* Pods-Swift5bokete-Swift5boketeUITests.release.xcconfig */,
				88D34CAA28B64D203833F749 /* Pods-Swift5boketeTests.debug.xcconfig */,
				E45989E8C5C7246F01479D98 /* Pods-Swift5boketeTests.release.xcconfig */,
			);
			path = Pods;
			sourceTree = "<group>";
		};
/* End PBXGroup section */

/* Begin PBXNativeTarget section */
		6E06059A254BDD7700F544D0 /* Swift5bokete */ = {
			isa = PBXNativeTarget;
			buildConfigurationList = 6E0605C5254BDD7800F544D0 /* Build configuration list for PBXNativeTarget "Swift5bokete" */;
			buildPhases = (
				9B132DDCE29C57047ABC77F8 /* [CP] Check Pods Manifest.lock */,
				6E060597254BDD7700F544D0 /* Sources */,
				6E060598254BDD7700F544D0 /* Frameworks */,
				6E060599254BDD7700F544D0 /* Resources */,
				CB613F3B9F073250AEC614FC /* [CP] Embed Pods Frameworks */,
			);
			buildRules = (
			);
			dependencies = (
			);
			name = Swift5bokete;
			productName = Swift5bokete;
			productReference = 6E06059B254BDD7700F544D0 /* Swift5bokete.app */;
			productType = "com.apple.product-type.application";
		};
		6E0605B0254BDD7800F544D0 /* Swift5boketeTests */ = {
			isa = PBXNativeTarget;
			buildConfigurationList = 6E0605C8254BDD7800F544D0 /* Build configuration list for PBXNativeTarget "Swift5boketeTests" */;
			buildPhases = (
				39C960B8D28DD5E2E204C2DC /* [CP] Check Pods Manifest.lock */,
				6E0605AD254BDD7800F544D0 /* Sources */,
				6E0605AE254BDD7800F544D0 /* Frameworks */,
				6E0605AF254BDD7800F544D0 /* Resources */,
			);
			buildRules = (
			);
			dependencies = (
				6E0605B3254BDD7800F544D0 /* PBXTargetDependency */,
			);
			name = Swift5boketeTests;
			productName = Swift5boketeTests;
			productReference = 6E0605B1254BDD7800F544D0 /* Swift5boketeTests.xctest */;
			productType = "com.apple.product-type.bundle.unit-test";
		};
		6E0605BB254BDD7800F544D0 /* Swift5boketeUITests */ = {
			isa = PBXNativeTarget;
			buildConfigurationList = 6E0605CB254BDD7800F544D0 /* Build configuration list for PBXNativeTarget "Swift5boketeUITests" */;
			buildPhases = (
				4C416DBAC83DE8CC9DCBBB17 /* [CP] Check Pods Manifest.lock */,
				6E0605B8254BDD7800F544D0 /* Sources */,
				6E0605B9254BDD7800F544D0 /* Frameworks */,
				6E0605BA254BDD7800F544D0 /* Resources */,
				761BD3677D373F97FD2472FA /* [CP] Embed Pods Frameworks */,
			);
			buildRules = (
			);
			dependencies = (
				6E0605BE254BDD7800F544D0 /* PBXTargetDependency */,
			);
			name = Swift5boketeUITests;
			productName = Swift5boketeUITests;
			productReference = 6E0605BC254BDD7800F544D0 /* Swift5boketeUITests.xctest */;
			productType = "com.apple.product-type.bundle.ui-testing";
		};
/* End PBXNativeTarget section */

/* Begin PBXProject section */
		6E060593254BDD7700F544D0 /* Project object */ = {
			isa = PBXProject;
			attributes = {
				LastSwiftUpdateCheck = 1200;
				LastUpgradeCheck = 1200;
				TargetAttributes = {
					6E06059A254BDD7700F544D0 = {
						CreatedOnToolsVersion = 12.0.1;
					};
					6E0605B0254BDD7800F544D0 = {
						CreatedOnToolsVersion = 12.0.1;
						TestTargetID = 6E06059A254BDD7700F544D0;
					};
					6E0605BB254BDD7800F544D0 = {
						CreatedOnToolsVersion = 12.0.1;
						TestTargetID = 6E06059A254BDD7700F544D0;
					};
				};
			};
			buildConfigurationList = 6E060596254BDD7700F544D0 /* Build configuration list for PBXProject "Swift5bokete" */;
			compatibilityVersion = "Xcode 9.3";
			developmentRegion = en;
			hasScannedForEncodings = 0;
			knownRegions = (
				en,
				Base,
			);
			mainGroup = 6E060592254BDD7700F544D0;
			productRefGroup = 6E06059C254BDD7700F544D0 /* Products */;
			projectDirPath = "";
			projectRoot = "";
			targets = (
				6E06059A254BDD7700F544D0 /* Swift5bokete */,
				6E0605B0254BDD7800F544D0 /* Swift5boketeTests */,
				6E0605BB254BDD7800F544D0 /* Swift5boketeUITests */,
			);
		};
/* End PBXProject section */

/* Begin PBXResourcesBuildPhase section */
		6E060599254BDD7700F544D0 /* Resources */ = {
			isa = PBXResourcesBuildPhase;
			buildActionMask = 2147483647;
			files = (
				6E0605AB254BDD7800F544D0 /* LaunchScreen.storyboard in Resources */,
				6E0605A8254BDD7800F544D0 /* Assets.xcassets in Resources */,
				6E0605A6254BDD7700F544D0 /* Main.storyboard in Resources */,
			);
			runOnlyForDeploymentPostprocessing = 0;
		};
		6E0605AF254BDD7800F544D0 /* Resources */ = {
			isa = PBXResourcesBuildPhase;
			buildActionMask = 2147483647;
			files = (
			);
			runOnlyForDeploymentPostprocessing = 0;
		};
		6E0605BA254BDD7800F544D0 /* Resources */ = {
			isa = PBXResourcesBuildPhase;
			buildActionMask = 2147483647;
			files = (
			);
			runOnlyForDeploymentPostprocessing = 0;
		};
/* End PBXResourcesBuildPhase section */

/* Begin PBXShellScriptBuildPhase section */
		39C960B8D28DD5E2E204C2DC /* [CP] Check Pods Manifest.lock */ = {
			isa = PBXShellScriptBuildPhase;
			buildActionMask = 2147483647;
			files = (
			);
			inputFileListPaths = (
			);
			inputPaths = (
				"${PODS_PODFILE_DIR_PATH}/Podfile.lock",
				"${PODS_ROOT}/Manifest.lock",
			);
			name = "[CP] Check Pods Manifest.lock";
			outputFileListPaths = (
			);
			outputPaths = (
				"$(DERIVED_FILE_DIR)/Pods-Swift5boketeTests-checkManifestLockResult.txt",
			);
			runOnlyForDeploymentPostprocessing = 0;
			shellPath = /bin/sh;
			shellScript = "diff \"${PODS_PODFILE_DIR_PATH}/Podfile.lock\" \"${PODS_ROOT}/Manifest.lock\" > /dev/null\nif [ $? != 0 ] ; then\n    # print error to STDERR\n    echo \"error: The sandbox is not in sync with the Podfile.lock. Run 'pod install' or update your CocoaPods installation.\" >&2\n    exit 1\nfi\n# This output is used by Xcode 'outputs' to avoid re-running this script phase.\necho \"SUCCESS\" > \"${SCRIPT_OUTPUT_FILE_0}\"\n";
			showEnvVarsInLog = 0;
		};
		4C416DBAC83DE8CC9DCBBB17 /* [CP] Check Pods Manifest.lock */ = {
			isa = PBXShellScriptBuildPhase;
			buildActionMask = 2147483647;
			files = (
			);
			inputFileListPaths = (
			);
			inputPaths = (
				"${PODS_PODFILE_DIR_PATH}/Podfile.lock",
				"${PODS_ROOT}/Manifest.lock",
			);
			name = "[CP] Check Pods Manifest.lock";
			outputFileListPaths = (
			);
			outputPaths = (
				"$(DERIVED_FILE_DIR)/Pods-Swift5bokete-Swift5boketeUITests-checkManifestLockResult.txt",
			);
			runOnlyForDeploymentPostprocessing = 0;
			shellPath = /bin/sh;
			shellScript = "diff \"${PODS_PODFILE_DIR_PATH}/Podfile.lock\" \"${PODS_ROOT}/Manifest.lock\" > /dev/null\nif [ $? != 0 ] ; then\n    # print error to STDERR\n    echo \"error: The sandbox is not in sync with the Podfile.lock. Run 'pod install' or update your CocoaPods installation.\" >&2\n    exit 1\nfi\n# This output is used by Xcode 'outputs' to avoid re-running this script phase.\necho \"SUCCESS\" > \"${SCRIPT_OUTPUT_FILE_0}\"\n";
			showEnvVarsInLog = 0;
		};
		761BD3677D373F97FD2472FA /* [CP] Embed Pods Frameworks */ = {
			isa = PBXShellScriptBuildPhase;
			buildActionMask = 2147483647;
			files = (
			);
			inputFileListPaths = (
				"${PODS_ROOT}/Target Support Files/Pods-Swift5bokete-Swift5boketeUITests/Pods-Swift5bokete-Swift5boketeUITests-frameworks-${CONFIGURATION}-input-files.xcfilelist",
			);
			name = "[CP] Embed Pods Frameworks";
			outputFileListPaths = (
				"${PODS_ROOT}/Target Support Files/Pods-Swift5bokete-Swift5boketeUITests/Pods-Swift5bokete-Swift5boketeUITests-frameworks-${CONFIGURATION}-output-files.xcfilelist",
			);
			runOnlyForDeploymentPostprocessing = 0;
			shellPath = /bin/sh;
			shellScript = "\"${PODS_ROOT}/Target Support Files/Pods-Swift5bokete-Swift5boketeUITests/Pods-Swift5bokete-Swift5boketeUITests-frameworks.sh\"\n";
			showEnvVarsInLog = 0;
		};
		9B132DDCE29C57047ABC77F8 /* [CP] Check Pods Manifest.lock */ = {
			isa = PBXShellScriptBuildPhase;
			buildActionMask = 2147483647;
			files = (
			);
			inputFileListPaths = (
			);
			inputPaths = (
				"${PODS_PODFILE_DIR_PATH}/Podfile.lock",
				"${PODS_ROOT}/Manifest.lock",
			);
			name = "[CP] Check Pods Manifest.lock";
			outputFileListPaths = (
			);
			outputPaths = (
				"$(DERIVED_FILE_DIR)/Pods-Swift5bokete-checkManifestLockResult.txt",
			);
			runOnlyForDeploymentPostprocessing = 0;
			shellPath = /bin/sh;
			shellScript = "diff \"${PODS_PODFILE_DIR_PATH}/Podfile.lock\" \"${PODS_ROOT}/Manifest.lock\" > /dev/null\nif [ $? != 0 ] ; then\n    # print error to STDERR\n    echo \"error: The sandbox is not in sync with the Podfile.lock. Run 'pod install' or update your CocoaPods installation.\" >&2\n    exit 1\nfi\n# This output is used by Xcode 'outputs' to avoid re-running this script phase.\necho \"SUCCESS\" > \"${SCRIPT_OUTPUT_FILE_0}\"\n";
			showEnvVarsInLog = 0;
		};
		CB613F3B9F073250AEC614FC /* [CP] Embed Pods Frameworks */ = {
			isa = PBXShellScriptBuildPhase;
			buildActionMask = 2147483647;
			files = (
			);
			inputFileListPaths = (
				"${PODS_ROOT}/Target Support Files/Pods-Swift5bokete/Pods-Swift5bokete-frameworks-${CONFIGURATION}-input-files.xcfilelist",
			);
			name = "[CP] Embed Pods Frameworks";
			outputFileListPaths = (
				"${PODS_ROOT}/Target Support Files/Pods-Swift5bokete/Pods-Swift5bokete-frameworks-${CONFIGURATION}-output-files.xcfilelist",
			);
			runOnlyForDeploymentPostprocessing = 0;
			shellPath = /bin/sh;
			shellScript = "\"${PODS_ROOT}/Target Support Files/Pods-Swift5bokete/Pods-Swift5bokete-frameworks.sh\"\n";
			showEnvVarsInLog = 0;
		};
/* End PBXShellScriptBuildPhase section */

/* Begin PBXSourcesBuildPhase section */
		6E060597254BDD7700F544D0 /* Sources */ = {
			isa = PBXSourcesBuildPhase;
			buildActionMask = 2147483647;
			files = (
				6E0605DE254BE6DC00F544D0 /* ViewController1.swift in Sources */,
				6E06059F254BDD7700F544D0 /* AppDelegate.swift in Sources */,
				6E0605E6254C161C00F544D0 /* ShareViewController.swift in Sources */,
				6E0605A1254BDD7700F544D0 /* SceneDelegate.swift in Sources */,
			);
			runOnlyForDeploymentPostprocessing = 0;
		};
		6E0605AD254BDD7800F544D0 /* Sources */ = {
			isa = PBXSourcesBuildPhase;
			buildActionMask = 2147483647;
			files = (
				6E0605B6254BDD7800F544D0 /* Swift5boketeTests.swift in Sources */,
			);
			runOnlyForDeploymentPostprocessing = 0;
		};
		6E0605B8254BDD7800F544D0 /* Sources */ = {
			isa = PBXSourcesBuildPhase;
			buildActionMask = 2147483647;
			files = (
				6E0605C1254BDD7800F544D0 /* Swift5boketeUITests.swift in Sources */,
			);
			runOnlyForDeploymentPostprocessing = 0;
		};
/* End PBXSourcesBuildPhase section */

/* Begin PBXTargetDependency section */
		6E0605B3254BDD7800F544D0 /* PBXTargetDependency */ = {
			isa = PBXTargetDependency;
			target = 6E06059A254BDD7700F544D0 /* Swift5bokete */;
			targetProxy = 6E0605B2254BDD7800F544D0 /* PBXContainerItemProxy */;
		};
		6E0605BE254BDD7800F544D0 /* PBXTargetDependency */ = {
			isa = PBXTargetDependency;
			target = 6E06059A254BDD7700F544D0 /* Swift5bokete */;
			targetProxy = 6E0605BD254BDD7800F544D0 /* PBXContainerItemProxy */;
		};
/* End PBXTargetDependency section */

/* Begin PBXVariantGroup section */
		6E0605A4254BDD7700F544D0 /* Main.storyboard */ = {
			isa = PBXVariantGroup;
			children = (
				6E0605A5254BDD7700F544D0 /* Base */,
			);
			name = Main.storyboard;
			sourceTree = "<group>";
		};
		6E0605A9254BDD7800F544D0 /* LaunchScreen.storyboard */ = {
			isa = PBXVariantGroup;
			children = (
				6E0605AA254BDD7800F544D0 /* Base */,
			);
			name = LaunchScreen.storyboard;
			sourceTree = "<group>";
		};
/* End PBXVariantGroup section */

/* Begin XCBuildConfiguration section */
		6E0605C3254BDD7800F544D0 /* Debug */ = {
			isa = XCBuildConfiguration;
			buildSettings = {
				ALWAYS_SEARCH_USER_PATHS = NO;
				CLANG_ANALYZER_NONNULL = YES;
				CLANG_ANALYZER_NUMBER_OBJECT_CONVERSION = YES_AGGRESSIVE;
				CLANG_CXX_LANGUAGE_STANDARD = "gnu++14";
				CLANG_CXX_LIBRARY = "libc++";
				CLANG_ENABLE_MODULES = YES;
				CLANG_ENABLE_OBJC_ARC = YES;
				CLANG_ENABLE_OBJC_WEAK = YES;
				CLANG_WARN_BLOCK_CAPTURE_AUTORELEASING = YES;
				CLANG_WARN_BOOL_CONVERSION = YES;
				CLANG_WARN_COMMA = YES;
				CLANG_WARN_CONSTANT_CONVERSION = YES;
				CLANG_WARN_DEPRECATED_OBJC_IMPLEMENTATIONS = YES;
				CLANG_WARN_DIRECT_OBJC_ISA_USAGE = YES_ERROR;
				CLANG_WARN_DOCUMENTATION_COMMENTS = YES;
				CLANG_WARN_EMPTY_BODY = YES;
				CLANG_WARN_ENUM_CONVERSION = YES;
				CLANG_WARN_INFINITE_RECURSION = YES;
				CLANG_WARN_INT_CONVERSION = YES;
				CLANG_WARN_NON_LITERAL_NULL_CONVERSION = YES;
				CLANG_WARN_OBJC_IMPLICIT_RETAIN_SELF = YES;
				CLANG_WARN_OBJC_LITERAL_CONVERSION = YES;
				CLANG_WARN_OBJC_ROOT_CLASS = YES_ERROR;
				CLANG_WARN_QUOTED_INCLUDE_IN_FRAMEWORK_HEADER = YES;
				CLANG_WARN_RANGE_LOOP_ANALYSIS = YES;
				CLANG_WARN_STRICT_PROTOTYPES = YES;
				CLANG_WARN_SUSPICIOUS_MOVE = YES;
				CLANG_WARN_UNGUARDED_AVAILABILITY = YES_AGGRESSIVE;
				CLANG_WARN_UNREACHABLE_CODE = YES;
				CLANG_WARN__DUPLICATE_METHOD_MATCH = YES;
				COPY_PHASE_STRIP = NO;
				DEBUG_INFORMATION_FORMAT = dwarf;
				ENABLE_STRICT_OBJC_MSGSEND = YES;
				ENABLE_TESTABILITY = YES;
				GCC_C_LANGUAGE_STANDARD = gnu11;
				GCC_DYNAMIC_NO_PIC = NO;
				GCC_NO_COMMON_BLOCKS = YES;
				GCC_OPTIMIZATION_LEVEL = 0;
				GCC_PREPROCESSOR_DEFINITIONS = (
					"DEBUG=1",
					"$(inherited)",
				);
				GCC_WARN_64_TO_32_BIT_CONVERSION = YES;
				GCC_WARN_ABOUT_RETURN_TYPE = YES_ERROR;
				GCC_WARN_UNDECLARED_SELECTOR = YES;
				GCC_WARN_UNINITIALIZED_AUTOS = YES_AGGRESSIVE;
				GCC_WARN_UNUSED_FUNCTION = YES;
				GCC_WARN_UNUSED_VARIABLE = YES;
				IPHONEOS_DEPLOYMENT_TARGET = 14.0;
				MTL_ENABLE_DEBUG_INFO = INCLUDE_SOURCE;
				MTL_FAST_MATH = YES;
				ONLY_ACTIVE_ARCH = YES;
				SDKROOT = iphoneos;
				SWIFT_ACTIVE_COMPILATION_CONDITIONS = DEBUG;
				SWIFT_OPTIMIZATION_LEVEL = "-Onone";
			};
			name = Debug;
		};
		6E0605C4254BDD7800F544D0 /* Release */ = {
			isa = XCBuildConfiguration;
			buildSettings = {
				ALWAYS_SEARCH_USER_PATHS = NO;
				CLANG_ANALYZER_NONNULL = YES;
				CLANG_ANALYZER_NUMBER_OBJECT_CONVERSION = YES_AGGRESSIVE;
				CLANG_CXX_LANGUAGE_STANDARD = "gnu++14";
				CLANG_CXX_LIBRARY = "libc++";
				CLANG_ENABLE_MODULES = YES;
				CLANG_ENABLE_OBJC_ARC = YES;
				CLANG_ENABLE_OBJC_WEAK = YES;
				CLANG_WARN_BLOCK_CAPTURE_AUTORELEASING = YES;
				CLANG_WARN_BOOL_CONVERSION = YES;
				CLANG_WARN_COMMA = YES;
				CLANG_WARN_CONSTANT_CONVERSION = YES;
				CLANG_WARN_DEPRECATED_OBJC_IMPLEMENTATIONS = YES;
				CLANG_WARN_DIRECT_OBJC_ISA_USAGE = YES_ERROR;
				CLANG_WARN_DOCUMENTATION_COMMENTS = YES;
				CLANG_WARN_EMPTY_BODY = YES;
				CLANG_WARN_ENUM_CONVERSION = YES;
				CLANG_WARN_INFINITE_RECURSION = YES;
				CLANG_WARN_INT_CONVERSION = YES;
				CLANG_WARN_NON_LITERAL_NULL_CONVERSION = YES;
				CLANG_WARN_OBJC_IMPLICIT_RETAIN_SELF = YES;
				CLANG_WARN_OBJC_LITERAL_CONVERSION = YES;
				CLANG_WARN_OBJC_ROOT_CLASS = YES_ERROR;
				CLANG_WARN_QUOTED_INCLUDE_IN_FRAMEWORK_HEADER = YES;
				CLANG_WARN_RANGE_LOOP_ANALYSIS = YES;
				CLANG_WARN_STRICT_PROTOTYPES = YES;
				CLANG_WARN_SUSPICIOUS_MOVE = YES;
				CLANG_WARN_UNGUARDED_AVAILABILITY = YES_AGGRESSIVE;
				CLANG_WARN_UNREACHABLE_CODE = YES;
				CLANG_WARN__DUPLICATE_METHOD_MATCH = YES;
				COPY_PHASE_STRIP = NO;
				DEBUG_INFORMATION_FORMAT = "dwarf-with-dsym";
				ENABLE_NS_ASSERTIONS = NO;
				ENABLE_STRICT_OBJC_MSGSEND = YES;
				GCC_C_LANGUAGE_STANDARD = gnu11;
				GCC_NO_COMMON_BLOCKS = YES;
				GCC_WARN_64_TO_32_BIT_CONVERSION = YES;
				GCC_WARN_ABOUT_RETURN_TYPE = YES_ERROR;
				GCC_WARN_UNDECLARED_SELECTOR = YES;
				GCC_WARN_UNINITIALIZED_AUTOS = YES_AGGRESSIVE;
				GCC_WARN_UNUSED_FUNCTION = YES;
				GCC_WARN_UNUSED_VARIABLE = YES;
				IPHONEOS_DEPLOYMENT_TARGET = 14.0;
				MTL_ENABLE_DEBUG_INFO = NO;
				MTL_FAST_MATH = YES;
				SDKROOT = iphoneos;
				SWIFT_COMPILATION_MODE = wholemodule;
				SWIFT_OPTIMIZATION_LEVEL = "-O";
				VALIDATE_PRODUCT = YES;
			};
			name = Release;
		};
		6E0605C6254BDD7800F544D0 /* Debug */ = {
			isa = XCBuildConfiguration;
			baseConfigurationReference = AAB51B1DAB8609EB805B5718 /* Pods-Swift5bokete.debug.xcconfig */;
			buildSettings = {
				ASSETCATALOG_COMPILER_APPICON_NAME = AppIcon;
				ASSETCATALOG_COMPILER_GLOBAL_ACCENT_COLOR_NAME = AccentColor;
				CODE_SIGN_STYLE = Automatic;
				INFOPLIST_FILE = Swift5bokete/Info.plist;
				LD_RUNPATH_SEARCH_PATHS = (
					"$(inherited)",
					"@executable_path/Frameworks",
				);
				PRODUCT_BUNDLE_IDENTIFIER = com.shunta.Swift5bokete;
				PRODUCT_NAME = "$(TARGET_NAME)";
				SWIFT_VERSION = 5.0;
				TARGETED_DEVICE_FAMILY = "1,2";
			};
			name = Debug;
		};
		6E0605C7254BDD7800F544D0 /* Release */ = {
			isa = XCBuildConfiguration;
			baseConfigurationReference = BE024D9088D53A6D8487C0E3 /* Pods-Swift5bokete.release.xcconfig */;
			buildSettings = {
				ASSETCATALOG_COMPILER_APPICON_NAME = AppIcon;
				ASSETCATALOG_COMPILER_GLOBAL_ACCENT_COLOR_NAME = AccentColor;
				CODE_SIGN_STYLE = Automatic;
				INFOPLIST_FILE = Swift5bokete/Info.plist;
				LD_RUNPATH_SEARCH_PATHS = (
					"$(inherited)",
					"@executable_path/Frameworks",
				);
				PRODUCT_BUNDLE_IDENTIFIER = com.shunta.Swift5bokete;
				PRODUCT_NAME = "$(TARGET_NAME)";
				SWIFT_VERSION = 5.0;
				TARGETED_DEVICE_FAMILY = "1,2";
			};
			name = Release;
		};
		6E0605C9254BDD7800F544D0 /* Debug */ = {
			isa = XCBuildConfiguration;
			baseConfigurationReference = 88D34CAA28B64D203833F749 /* Pods-Swift5boketeTests.debug.xcconfig */;
			buildSettings = {
				ALWAYS_EMBED_SWIFT_STANDARD_LIBRARIES = YES;
				BUNDLE_LOADER = "$(TEST_HOST)";
				CODE_SIGN_STYLE = Automatic;
				INFOPLIST_FILE = Swift5boketeTests/Info.plist;
				IPHONEOS_DEPLOYMENT_TARGET = 14.0;
				LD_RUNPATH_SEARCH_PATHS = (
					"$(inherited)",
					"@executable_path/Frameworks",
					"@loader_path/Frameworks",
				);
				PRODUCT_BUNDLE_IDENTIFIER = com.shunta.Swift5boketeTests;
				PRODUCT_NAME = "$(TARGET_NAME)";
				SWIFT_VERSION = 5.0;
				TARGETED_DEVICE_FAMILY = "1,2";
				TEST_HOST = "$(BUILT_PRODUCTS_DIR)/Swift5bokete.app/Swift5bokete";
			};
			name = Debug;
		};
		6E0605CA254BDD7800F544D0 /* Release */ = {
			isa = XCBuildConfiguration;
			baseConfigurationReference = E45989E8C5C7246F01479D98 /* Pods-Swift5boketeTests.release.xcconfig */;
			buildSettings = {
				ALWAYS_EMBED_SWIFT_STANDARD_LIBRARIES = YES;
				BUNDLE_LOADER = "$(TEST_HOST)";
				CODE_SIGN_STYLE = Automatic;
				INFOPLIST_FILE = Swift5boketeTests/Info.plist;
				IPHONEOS_DEPLOYMENT_TARGET = 14.0;
				LD_RUNPATH_SEARCH_PATHS = (
					"$(inherited)",
					"@executable_path/Frameworks",
					"@loader_path/Frameworks",
				);
				PRODUCT_BUNDLE_IDENTIFIER = com.shunta.Swift5boketeTests;
				PRODUCT_NAME = "$(TARGET_NAME)";
				SWIFT_VERSION = 5.0;
				TARGETED_DEVICE_FAMILY = "1,2";
				TEST_HOST = "$(BUILT_PRODUCTS_DIR)/Swift5bokete.app/Swift5bokete";
			};
			name = Release;
		};
		6E0605CC254BDD7800F544D0 /* Debug */ = {
			isa = XCBuildConfiguration;
			baseConfigurationReference = 3DFFFA8B46F0E886F9D07A28 /* Pods-Swift5bokete-Swift5boketeUITests.debug.xcconfig */;
			buildSettings = {
				ALWAYS_EMBED_SWIFT_STANDARD_LIBRARIES = YES;
				CODE_SIGN_STYLE = Automatic;
				INFOPLIST_FILE = Swift5boketeUITests/Info.plist;
				LD_RUNPATH_SEARCH_PATHS = (
					"$(inherited)",
					"@executable_path/Frameworks",
					"@loader_path/Frameworks",
				);
				PRODUCT_BUNDLE_IDENTIFIER = com.shunta.Swift5boketeUITests;
				PRODUCT_NAME = "$(TARGET_NAME)";
				SWIFT_VERSION = 5.0;
				TARGETED_DEVICE_FAMILY = "1,2";
				TEST_TARGET_NAME = Swift5bokete;
			};
			name = Debug;
		};
		6E0605CD254BDD7800F544D0 /* Release */ = {
			isa = XCBuildConfiguration;
			baseConfigurationReference = A335D9DF702D38DCDA1AF926 /* Pods-Swift5bokete-Swift5boketeUITests.release.xcconfig */;
			buildSettings = {
				ALWAYS_EMBED_SWIFT_STANDARD_LIBRARIES = YES;
				CODE_SIGN_STYLE = Automatic;
				INFOPLIST_FILE = Swift5boketeUITests/Info.plist;
				LD_RUNPATH_SEARCH_PATHS = (
					"$(inherited)",
					"@executable_path/Frameworks",
					"@loader_path/Frameworks",
				);
				PRODUCT_BUNDLE_IDENTIFIER = com.shunta.Swift5boketeUITests;
				PRODUCT_NAME = "$(TARGET_NAME)";
				SWIFT_VERSION = 5.0;
				TARGETED_DEVICE_FAMILY = "1,2";
				TEST_TARGET_NAME = Swift5bokete;
			};
			name = Release;
		};
/* End XCBuildConfiguration section */

/* Begin XCConfigurationList section */
		6E060596254BDD7700F544D0 /* Build configuration list for PBXProject "Swift5bokete" */ = {
			isa = XCConfigurationList;
			buildConfigurations = (
				6E0605C3254BDD7800F544D0 /* Debug */,
				6E0605C4254BDD7800F544D0 /* Release */,
			);
			defaultConfigurationIsVisible = 0;
			defaultConfigurationName = Release;
		};
		6E0605C5254BDD7800F544D0 /* Build configuration list for PBXNativeTarget "Swift5bokete" */ = {
			isa = XCConfigurationList;
			buildConfigurations = (
				6E0605C6254BDD7800F544D0 /* Debug */,
				6E0605C7254BDD7800F544D0 /* Release */,
			);
			defaultConfigurationIsVisible = 0;
			defaultConfigurationName = Release;
		};
		6E0605C8254BDD7800F544D0 /* Build configuration list for PBXNativeTarget "Swift5boketeTests" */ = {
			isa = XCConfigurationList;
			buildConfigurations = (
				6E0605C9254BDD7800F544D0 /* Debug */,
				6E0605CA254BDD7800F544D0 /* Release */,
			);
			defaultConfigurationIsVisible = 0;
			defaultConfigurationName = Release;
		};
		6E0605CB254BDD7800F544D0 /* Build configuration list for PBXNativeTarget "Swift5boketeUITests" */ = {
			isa = XCConfigurationList;
			buildConfigurations = (
				6E0605CC254BDD7800F544D0 /* Debug */,
				6E0605CD254BDD7800F544D0 /* Release */,
			);
			defaultConfigurationIsVisible = 0;
			defaultConfigurationName = Release;
		};
/* End XCConfigurationList section */
	};
	rootObject = 6E060593254BDD7700F544D0 /* Project object */;
}
